
Microsoft Visual Studio Solution File, Format Version 12.00
# Visual Studio Version 17
VisualStudioVersion = 17.0.31903.59
MinimumVisualStudioVersion = 10.0.40219.1
Project("{9A19103F-16F7-4668-BE54-9A1E7A4F7556}") = "RiverBooks.Web", "RiverBooks.Web\RiverBooks.Web.csproj", "{24FFBE8D-8421-4D6E-A184-E0E4D39C6A0A}"
EndProject
Project("{9A19103F-16F7-4668-BE54-9A1E7A4F7556}") = "RiverBooks.Book", "RiverBooks.Book\RiverBooks.Book.csproj", "{10B1298F-089D-40F5-9BFB-61F3477A5A89}"
EndProject
Project("{2150E333-8FDC-42A3-9474-1A3956D46DE8}") = "Solution Items", "Solution Items", "{1678E9C6-7DDA-4A11-AF02-8BDA80F48749}"
	ProjectSection(SolutionItems) = preProject
		.editorconfig = .editorconfig
		Directory.Build.props = Directory.Build.props
	EndProjectSection
EndProject
Project("{9A19103F-16F7-4668-BE54-9A1E7A4F7556}") = "RiverBooks.Book.Tests", "RiverBooks.Book.Tests\RiverBooks.Book.Tests.csproj", "{329BE2C2-F080-4ECE-BDB5-12312A6808A8}"
EndProject
Project("{9A19103F-16F7-4668-BE54-9A1E7A4F7556}") = "RiverBooks.User", "RiverBooks.User\RiverBooks.User.csproj", "{BB892F97-303B-4514-B215-8743215FBAF9}"
EndProject
Project("{2150E333-8FDC-42A3-9474-1A3956D46DE8}") = "Book Module", "Book Module", "{D8262591-0160-4083-9141-C407FC121080}"
EndProject
Project("{2150E333-8FDC-42A3-9474-1A3956D46DE8}") = "User Module", "User Module", "{2C13BC29-00FE-4E8B-A9BC-856EEEB5B45E}"
EndProject
Project("{9A19103F-16F7-4668-BE54-9A1E7A4F7556}") = "RiverBooks.User.Tests", "RiverBooks.User.Tests\RiverBooks.User.Tests.csproj", "{DF04AB54-A112-45FB-BDBC-1473C724ECAC}"
EndProject
Project("{9A19103F-16F7-4668-BE54-9A1E7A4F7556}") = "RiverBooks.Books.Contracts", "RiverBooks.Books.Contracts\RiverBooks.Books.Contracts.csproj", "{4CF60E1B-5769-459E-A4CA-D7041C859B66}"
EndProject
Project("{2150E333-8FDC-42A3-9474-1A3956D46DE8}") = "OrderProcessing Module", "OrderProcessing Module", "{5BC6F396-A781-441C-8BA7-08ACF4BC757F}"
EndProject
Project("{9A19103F-16F7-4668-BE54-9A1E7A4F7556}") = "RiverBooks.Orderprocessing", "RiverBooks.Orderprocessing\RiverBooks.Orderprocessing.csproj", "{F7B76FA7-88CF-4BF0-B164-1804B2CF2A2E}"
EndProject
Project("{9A19103F-16F7-4668-BE54-9A1E7A4F7556}") = "RiverBooks.Orderprocessing.Contracts", "RiverBooks.Orderprocessing.Contracts\RiverBooks.Orderprocessing.Contracts.csproj", "{EB4298B5-718F-41B1-BD99-6D26FD2A1D5E}"
EndProject
Global
	GlobalSection(SolutionConfigurationPlatforms) = preSolution
		Debug|Any CPU = Debug|Any CPU
		Release|Any CPU = Release|Any CPU
		Testing|Any CPU = Testing|Any CPU
	EndGlobalSection
	GlobalSection(ProjectConfigurationPlatforms) = postSolution
		{24FFBE8D-8421-4D6E-A184-E0E4D39C6A0A}.Debug|Any CPU.ActiveCfg = Debug|Any CPU
		{24FFBE8D-8421-4D6E-A184-E0E4D39C6A0A}.Debug|Any CPU.Build.0 = Debug|Any CPU
		{24FFBE8D-8421-4D6E-A184-E0E4D39C6A0A}.Release|Any CPU.ActiveCfg = Release|Any CPU
		{24FFBE8D-8421-4D6E-A184-E0E4D39C6A0A}.Release|Any CPU.Build.0 = Release|Any CPU
		{24FFBE8D-8421-4D6E-A184-E0E4D39C6A0A}.Testing|Any CPU.ActiveCfg = Testing|Any CPU
		{24FFBE8D-8421-4D6E-A184-E0E4D39C6A0A}.Testing|Any CPU.Build.0 = Testing|Any CPU
		{10B1298F-089D-40F5-9BFB-61F3477A5A89}.Debug|Any CPU.ActiveCfg = Debug|Any CPU
		{10B1298F-089D-40F5-9BFB-61F3477A5A89}.Debug|Any CPU.Build.0 = Debug|Any CPU
		{10B1298F-089D-40F5-9BFB-61F3477A5A89}.Release|Any CPU.ActiveCfg = Release|Any CPU
		{10B1298F-089D-40F5-9BFB-61F3477A5A89}.Release|Any CPU.Build.0 = Release|Any CPU
		{10B1298F-089D-40F5-9BFB-61F3477A5A89}.Testing|Any CPU.ActiveCfg = Testing|Any CPU
		{10B1298F-089D-40F5-9BFB-61F3477A5A89}.Testing|Any CPU.Build.0 = Testing|Any CPU
		{329BE2C2-F080-4ECE-BDB5-12312A6808A8}.Debug|Any CPU.ActiveCfg = Debug|Any CPU
		{329BE2C2-F080-4ECE-BDB5-12312A6808A8}.Debug|Any CPU.Build.0 = Debug|Any CPU
		{329BE2C2-F080-4ECE-BDB5-12312A6808A8}.Release|Any CPU.ActiveCfg = Release|Any CPU
		{329BE2C2-F080-4ECE-BDB5-12312A6808A8}.Release|Any CPU.Build.0 = Release|Any CPU
		{329BE2C2-F080-4ECE-BDB5-12312A6808A8}.Testing|Any CPU.ActiveCfg = Testing|Any CPU
		{329BE2C2-F080-4ECE-BDB5-12312A6808A8}.Testing|Any CPU.Build.0 = Testing|Any CPU
		{BB892F97-303B-4514-B215-8743215FBAF9}.Debug|Any CPU.ActiveCfg = Debug|Any CPU
		{BB892F97-303B-4514-B215-8743215FBAF9}.Debug|Any CPU.Build.0 = Debug|Any CPU
		{BB892F97-303B-4514-B215-8743215FBAF9}.Release|Any CPU.ActiveCfg = Release|Any CPU
		{BB892F97-303B-4514-B215-8743215FBAF9}.Release|Any CPU.Build.0 = Release|Any CPU
		{BB892F97-303B-4514-B215-8743215FBAF9}.Testing|Any CPU.ActiveCfg = Debug|Any CPU
		{BB892F97-303B-4514-B215-8743215FBAF9}.Testing|Any CPU.Build.0 = Debug|Any CPU
		{DF04AB54-A112-45FB-BDBC-1473C724ECAC}.Debug|Any CPU.ActiveCfg = Debug|Any CPU
		{DF04AB54-A112-45FB-BDBC-1473C724ECAC}.Debug|Any CPU.Build.0 = Debug|Any CPU
		{DF04AB54-A112-45FB-BDBC-1473C724ECAC}.Release|Any CPU.ActiveCfg = Release|Any CPU
		{DF04AB54-A112-45FB-BDBC-1473C724ECAC}.Release|Any CPU.Build.0 = Release|Any CPU
		{DF04AB54-A112-45FB-BDBC-1473C724ECAC}.Testing|Any CPU.ActiveCfg = Debug|Any CPU
		{DF04AB54-A112-45FB-BDBC-1473C724ECAC}.Testing|Any CPU.Build.0 = Debug|Any CPU
		{4CF60E1B-5769-459E-A4CA-D7041C859B66}.Debug|Any CPU.ActiveCfg = Debug|Any CPU
		{4CF60E1B-5769-459E-A4CA-D7041C859B66}.Debug|Any CPU.Build.0 = Debug|Any CPU
		{4CF60E1B-5769-459E-A4CA-D7041C859B66}.Release|Any CPU.ActiveCfg = Release|Any CPU
		{4CF60E1B-5769-459E-A4CA-D7041C859B66}.Release|Any CPU.Build.0 = Release|Any CPU
		{4CF60E1B-5769-459E-A4CA-D7041C859B66}.Testing|Any CPU.ActiveCfg = Debug|Any CPU
		{4CF60E1B-5769-459E-A4CA-D7041C859B66}.Testing|Any CPU.Build.0 = Debug|Any CPU
		{F7B76FA7-88CF-4BF0-B164-1804B2CF2A2E}.Debug|Any CPU.ActiveCfg = Debug|Any CPU
		{F7B76FA7-88CF-4BF0-B164-1804B2CF2A2E}.Debug|Any CPU.Build.0 = Debug|Any CPU
		{F7B76FA7-88CF-4BF0-B164-1804B2CF2A2E}.Release|Any CPU.ActiveCfg = Release|Any CPU
		{F7B76FA7-88CF-4BF0-B164-1804B2CF2A2E}.Release|Any CPU.Build.0 = Release|Any CPU
		{F7B76FA7-88CF-4BF0-B164-1804B2CF2A2E}.Testing|Any CPU.ActiveCfg = Debug|Any CPU
		{F7B76FA7-88CF-4BF0-B164-1804B2CF2A2E}.Testing|Any CPU.Build.0 = Debug|Any CPU
		{EB4298B5-718F-41B1-BD99-6D26FD2A1D5E}.Debug|Any CPU.ActiveCfg = Debug|Any CPU
		{EB4298B5-718F-41B1-BD99-6D26FD2A1D5E}.Debug|Any CPU.Build.0 = Debug|Any CPU
		{EB4298B5-718F-41B1-BD99-6D26FD2A1D5E}.Release|Any CPU.ActiveCfg = Release|Any CPU
		{EB4298B5-718F-41B1-BD99-6D26FD2A1D5E}.Release|Any CPU.Build.0 = Release|Any CPU
		{EB4298B5-718F-41B1-BD99-6D26FD2A1D5E}.Testing|Any CPU.ActiveCfg = Debug|Any CPU
		{EB4298B5-718F-41B1-BD99-6D26FD2A1D5E}.Testing|Any CPU.Build.0 = Debug|Any CPU
	EndGlobalSection
	GlobalSection(SolutionProperties) = preSolution
		HideSolutionNode = FALSE
	EndGlobalSection
	GlobalSection(NestedProjects) = preSolution
		{10B1298F-089D-40F5-9BFB-61F3477A5A89} = {D8262591-0160-4083-9141-C407FC121080}
		{329BE2C2-F080-4ECE-BDB5-12312A6808A8} = {D8262591-0160-4083-9141-C407FC121080}
		{BB892F97-303B-4514-B215-8743215FBAF9} = {2C13BC29-00FE-4E8B-A9BC-856EEEB5B45E}
		{DF04AB54-A112-45FB-BDBC-1473C724ECAC} = {2C13BC29-00FE-4E8B-A9BC-856EEEB5B45E}
		{4CF60E1B-5769-459E-A4CA-D7041C859B66} = {D8262591-0160-4083-9141-C407FC121080}
		{F7B76FA7-88CF-4BF0-B164-1804B2CF2A2E} = {5BC6F396-A781-441C-8BA7-08ACF4BC757F}
		{EB4298B5-718F-41B1-BD99-6D26FD2A1D5E} = {5BC6F396-A781-441C-8BA7-08ACF4BC757F}
	EndGlobalSection
	GlobalSection(ExtensibilityGlobals) = postSolution
		SolutionGuid = {BF1C5095-914E-45BB-9235-72FFD00CF332}
	EndGlobalSection
EndGlobal
