
Microsoft Visual Studio Solution File, Format Version 12.00
# Visual Studio Version 17
VisualStudioVersion = 17.0.31903.59
MinimumVisualStudioVersion = 10.0.40219.1
Project("{9A19103F-16F7-4668-BE54-9A1E7A4F7556}") = "RiverBooks.Web", "RiverBooks.Web\RiverBooks.Web.csproj", "{24FFBE8D-8421-4D6E-A184-E0E4D39C6A0A}"
EndProject
Project("{9A19103F-16F7-4668-BE54-9A1E7A4F7556}") = "RiverBooks.Book", "RiverBooks.Book\RiverBooks.Book.csproj", "{10B1298F-089D-40F5-9BFB-61F3477A5A89}"
EndProject
Project("{2150E333-8FDC-42A3-9474-1A3956D46DE8}") = "Solution Items", "Solution Items", "{1678E9C6-7DDA-4A11-AF02-8BDA80F48749}"
	ProjectSection(SolutionItems) = preProject
		.editorconfig = .editorconfig
		Directory.Build.props = Directory.Build.props
	EndProjectSection
EndProject
Project("{9A19103F-16F7-4668-BE54-9A1E7A4F7556}") = "RiverBooks.Book.Tests", "RiverBooks.Book.Tests\RiverBooks.Book.Tests.csproj", "{329BE2C2-F080-4ECE-BDB5-12312A6808A8}"
EndProject
Project("{FAE04EC0-301F-11D3-BF4B-00C04F79EFBC}") = "RiverBooks.User", "RiverBooks.User\RiverBooks.User.csproj", "{BB892F97-303B-4514-B215-8743215FBAF9}"
EndProject
Project("{2150E333-8FDC-42A3-9474-1A3956D46DE8}") = "Book Module", "Book Module", "{D8262591-0160-4083-9141-C407FC121080}"
EndProject
Project("{2150E333-8FDC-42A3-9474-1A3956D46DE8}") = "User Module", "User Module", "{2C13BC29-00FE-4E8B-A9BC-856EEEB5B45E}"
EndProject
Global
	GlobalSection(SolutionConfigurationPlatforms) = preSolution
		Debug|Any CPU = Debug|Any CPU
		Release|Any CPU = Release|Any CPU
		Testing|Any CPU = Testing|Any CPU
	EndGlobalSection
	GlobalSection(ProjectConfigurationPlatforms) = postSolution
		{24FFBE8D-8421-4D6E-A184-E0E4D39C6A0A}.Debug|Any CPU.ActiveCfg = Debug|Any CPU
		{24FFBE8D-8421-4D6E-A184-E0E4D39C6A0A}.Debug|Any CPU.Build.0 = Debug|Any CPU
		{24FFBE8D-8421-4D6E-A184-E0E4D39C6A0A}.Release|Any CPU.ActiveCfg = Release|Any CPU
		{24FFBE8D-8421-4D6E-A184-E0E4D39C6A0A}.Release|Any CPU.Build.0 = Release|Any CPU
		{24FFBE8D-8421-4D6E-A184-E0E4D39C6A0A}.Testing|Any CPU.ActiveCfg = Testing|Any CPU
		{24FFBE8D-8421-4D6E-A184-E0E4D39C6A0A}.Testing|Any CPU.Build.0 = Testing|Any CPU
		{10B1298F-089D-40F5-9BFB-61F3477A5A89}.Debug|Any CPU.ActiveCfg = Debug|Any CPU
		{10B1298F-089D-40F5-9BFB-61F3477A5A89}.Debug|Any CPU.Build.0 = Debug|Any CPU
		{10B1298F-089D-40F5-9BFB-61F3477A5A89}.Release|Any CPU.ActiveCfg = Release|Any CPU
		{10B1298F-089D-40F5-9BFB-61F3477A5A89}.Release|Any CPU.Build.0 = Release|Any CPU
		{10B1298F-089D-40F5-9BFB-61F3477A5A89}.Testing|Any CPU.ActiveCfg = Testing|Any CPU
		{10B1298F-089D-40F5-9BFB-61F3477A5A89}.Testing|Any CPU.Build.0 = Testing|Any CPU
		{329BE2C2-F080-4ECE-BDB5-12312A6808A8}.Debug|Any CPU.ActiveCfg = Debug|Any CPU
		{329BE2C2-F080-4ECE-BDB5-12312A6808A8}.Debug|Any CPU.Build.0 = Debug|Any CPU
		{329BE2C2-F080-4ECE-BDB5-12312A6808A8}.Release|Any CPU.ActiveCfg = Release|Any CPU
		{329BE2C2-F080-4ECE-BDB5-12312A6808A8}.Release|Any CPU.Build.0 = Release|Any CPU
		{329BE2C2-F080-4ECE-BDB5-12312A6808A8}.Testing|Any CPU.ActiveCfg = Testing|Any CPU
		{329BE2C2-F080-4ECE-BDB5-12312A6808A8}.Testing|Any CPU.Build.0 = Testing|Any CPU
		{BB892F97-303B-4514-B215-8743215FBAF9}.Debug|Any CPU.ActiveCfg = Debug|Any CPU
		{BB892F97-303B-4514-B215-8743215FBAF9}.Debug|Any CPU.Build.0 = Debug|Any CPU
		{BB892F97-303B-4514-B215-8743215FBAF9}.Release|Any CPU.ActiveCfg = Release|Any CPU
		{BB892F97-303B-4514-B215-8743215FBAF9}.Release|Any CPU.Build.0 = Release|Any CPU
		{BB892F97-303B-4514-B215-8743215FBAF9}.Testing|Any CPU.ActiveCfg = Debug|Any CPU
		{BB892F97-303B-4514-B215-8743215FBAF9}.Testing|Any CPU.Build.0 = Debug|Any CPU
	EndGlobalSection
	GlobalSection(SolutionProperties) = preSolution
		HideSolutionNode = FALSE
	EndGlobalSection
	GlobalSection(NestedProjects) = preSolution
		{10B1298F-089D-40F5-9BFB-61F3477A5A89} = {D8262591-0160-4083-9141-C407FC121080}
		{329BE2C2-F080-4ECE-BDB5-12312A6808A8} = {D8262591-0160-4083-9141-C407FC121080}
		{BB892F97-303B-4514-B215-8743215FBAF9} = {2C13BC29-00FE-4E8B-A9BC-856EEEB5B45E}
	EndGlobalSection
	GlobalSection(ExtensibilityGlobals) = postSolution
		SolutionGuid = {BF1C5095-914E-45BB-9235-72FFD00CF332}
	EndGlobalSection
EndGlobal
